{
  "version": 4,
  "terraform_version": "1.5.6",
  "serial": 22,
  "lineage": "dbad32c1-dee3-5bbb-359c-64540913d6ca",
  "outputs": {
    "ecr_repo_url": {
      "value": "046621545380.dkr.ecr.us-west-2.amazonaws.com/adk-mcp-demo-ecr",
      "type": "string"
    },
    "ecs_cluster_name": {
      "value": "adk-mcp-demo-cluster",
      "type": "string"
    },
    "ecs_service_name": {
      "value": "adk-test-service",
      "type": "string"
    }
  },
  "resources": [
    {
      "mode": "managed",
      "type": "aws_cloudwatch_log_group",
      "name": "ecs",
      "provider": "provider[\"registry.terraform.io/hashicorp/aws\"]",
      "instances": [
        {
          "schema_version": 0,
          "attributes": {
            "arn": "arn:aws:logs:us-west-2:046621545380:log-group:/ecs/adk-mcp-demo",
            "id": "/ecs/adk-mcp-demo",
            "kms_key_id": "",
            "log_group_class": "STANDARD",
            "name": "/ecs/adk-mcp-demo",
            "name_prefix": "",
            "retention_in_days": 14,
            "skip_destroy": false,
            "tags": {},
            "tags_all": {}
          },
          "sensitive_attributes": [],
          "private": "bnVsbA=="
        }
      ]
    },
    {
      "mode": "managed",
      "type": "aws_ecr_repository",
      "name": "adk_repo",
      "provider": "provider[\"registry.terraform.io/hashicorp/aws\"]",
      "instances": [
        {
          "schema_version": 0,
          "attributes": {
            "arn": "arn:aws:ecr:us-west-2:046621545380:repository/adk-mcp-demo-ecr",
            "encryption_configuration": [
              {
                "encryption_type": "AES256",
                "kms_key": ""
              }
            ],
            "force_delete": null,
            "id": "adk-mcp-demo-ecr",
            "image_scanning_configuration": [
              {
                "scan_on_push": true
              }
            ],
            "image_tag_mutability": "MUTABLE",
            "name": "adk-mcp-demo-ecr",
            "registry_id": "046621545380",
            "repository_url": "046621545380.dkr.ecr.us-west-2.amazonaws.com/adk-mcp-demo-ecr",
            "tags": {},
            "tags_all": {},
            "timeouts": null
          },
          "sensitive_attributes": [],
          "private": "eyJlMmJmYjczMC1lY2FhLTExZTYtOGY4OC0zNDM2M2JjN2M0YzAiOnsiZGVsZXRlIjoxMjAwMDAwMDAwMDAwfX0="
        }
      ]
    },
    {
      "mode": "managed",
      "type": "aws_ecs_cluster",
      "name": "adk_cluster",
      "provider": "provider[\"registry.terraform.io/hashicorp/aws\"]",
      "instances": [
        {
          "schema_version": 0,
          "attributes": {
            "arn": "arn:aws:ecs:us-west-2:046621545380:cluster/adk-mcp-demo-cluster",
            "configuration": [],
            "id": "arn:aws:ecs:us-west-2:046621545380:cluster/adk-mcp-demo-cluster",
            "name": "adk-mcp-demo-cluster",
            "service_connect_defaults": [],
            "setting": [
              {
                "name": "containerInsights",
                "value": "disabled"
              }
            ],
            "tags": {},
            "tags_all": {}
          },
          "sensitive_attributes": [],
          "private": "bnVsbA=="
        }
      ]
    },
    {
      "mode": "managed",
      "type": "aws_ecs_service",
      "name": "adk_service",
      "provider": "provider[\"registry.terraform.io/hashicorp/aws\"]",
      "instances": [
        {
          "schema_version": 1,
          "attributes": {
            "alarms": [],
            "availability_zone_rebalancing": "DISABLED",
            "capacity_provider_strategy": [],
            "cluster": "arn:aws:ecs:us-west-2:046621545380:cluster/adk-mcp-demo-cluster",
            "deployment_circuit_breaker": [
              {
                "enable": false,
                "rollback": false
              }
            ],
            "deployment_controller": [
              {
                "type": "ECS"
              }
            ],
            "deployment_maximum_percent": 200,
            "deployment_minimum_healthy_percent": 100,
            "desired_count": 1,
            "enable_ecs_managed_tags": false,
            "enable_execute_command": false,
            "force_delete": null,
            "force_new_deployment": null,
            "health_check_grace_period_seconds": 0,
            "iam_role": "/aws-service-role/ecs.amazonaws.com/AWSServiceRoleForECS",
            "id": "arn:aws:ecs:us-west-2:046621545380:service/adk-mcp-demo-cluster/adk-test-service",
            "launch_type": "FARGATE",
            "load_balancer": [],
            "name": "adk-test-service",
            "network_configuration": [
              {
                "assign_public_ip": true,
                "security_groups": [
                  "sg-0b8b9246a2b5889d1"
                ],
                "subnets": [
                  "subnet-00614293c63117563",
                  "subnet-098dab37403fcc61a"
                ]
              }
            ],
            "ordered_placement_strategy": [],
            "placement_constraints": [],
            "platform_version": "LATEST",
            "propagate_tags": "NONE",
            "scheduling_strategy": "REPLICA",
            "service_connect_configuration": [],
            "service_registries": [],
            "tags": {},
            "tags_all": {},
            "task_definition": "arn:aws:ecs:us-west-2:046621545380:task-definition/adk-mcp-demo-family:1",
            "timeouts": null,
            "triggers": {},
            "volume_configuration": [],
            "vpc_lattice_configurations": [],
            "wait_for_steady_state": false
          },
          "sensitive_attributes": [],
          "private": "eyJlMmJmYjczMC1lY2FhLTExZTYtOGY4OC0zNDM2M2JjN2M0YzAiOnsiY3JlYXRlIjoxMjAwMDAwMDAwMDAwLCJkZWxldGUiOjEyMDAwMDAwMDAwMDAsInVwZGF0ZSI6MTIwMDAwMDAwMDAwMH0sInNjaGVtYV92ZXJzaW9uIjoiMSJ9",
          "dependencies": [
            "aws_cloudwatch_log_group.ecs",
            "aws_ecr_repository.adk_repo",
            "aws_ecs_cluster.adk_cluster",
            "aws_ecs_task_definition.adk_task",
            "aws_iam_role.ecs_task_execution_role",
            "aws_secretsmanager_secret.adk_envs",
            "aws_security_group.adk_sg"
          ]
        }
      ]
    },
    {
      "mode": "managed",
      "type": "aws_ecs_task_definition",
      "name": "adk_task",
      "provider": "provider[\"registry.terraform.io/hashicorp/aws\"]",
      "instances": [
        {
          "schema_version": 1,
          "attributes": {
            "arn": "arn:aws:ecs:us-west-2:046621545380:task-definition/adk-mcp-demo-family:1",
            "arn_without_revision": "arn:aws:ecs:us-west-2:046621545380:task-definition/adk-mcp-demo-family",
            "container_definitions": "[{\"environment\":[],\"essential\":true,\"image\":\"046621545380.dkr.ecr.us-west-2.amazonaws.com/adk-mcp-demo-ecr:latest\",\"logConfiguration\":{\"logDriver\":\"awslogs\",\"options\":{\"awslogs-stream-prefix\":\"ecs\",\"awslogs-group\":\"/ecs/adk-mcp-demo\",\"awslogs-region\":\"us-west-2\"}},\"mountPoints\":[],\"name\":\"adk-mcp-demo-container\",\"portMappings\":[{\"containerPort\":8000,\"hostPort\":8000,\"protocol\":\"tcp\"}],\"secrets\":[{\"name\":\"ADK_MCP_REQUEST_TIMEOUT\",\"valueFrom\":\"arn:aws:secretsmanager:us-west-2:046621545380:secret:adk-mcp-demo-sm-Usptyn:ADK_MCP_REQUEST_TIMEOUT::\"},{\"name\":\"AWS_ACCESS_KEY_ID\",\"valueFrom\":\"arn:aws:secretsmanager:us-west-2:046621545380:secret:adk-mcp-demo-sm-Usptyn:AWS_ACCESS_KEY_ID::\"},{\"name\":\"AWS_ENVIRONMENT\",\"valueFrom\":\"arn:aws:secretsmanager:us-west-2:046621545380:secret:adk-mcp-demo-sm-Usptyn:AWS_ENVIRONMENT::\"},{\"name\":\"AWS_REGION\",\"valueFrom\":\"arn:aws:secretsmanager:us-west-2:046621545380:secret:adk-mcp-demo-sm-Usptyn:AWS_REGION::\"},{\"name\":\"AWS_SECRET_ACCESS_KEY\",\"valueFrom\":\"arn:aws:secretsmanager:us-west-2:046621545380:secret:adk-mcp-demo-sm-Usptyn:AWS_SECRET_ACCESS_KEY::\"},{\"name\":\"GOOGLE_API_KEY\",\"valueFrom\":\"arn:aws:secretsmanager:us-west-2:046621545380:secret:adk-mcp-demo-sm-Usptyn:GOOGLE_API_KEY::\"}],\"systemControls\":[],\"volumesFrom\":[]}]",
            "cpu": "512",
            "enable_fault_injection": false,
            "ephemeral_storage": [],
            "execution_role_arn": "arn:aws:iam::046621545380:role/ecsTaskExecutionRole-adk-mcp-demo",
            "family": "adk-mcp-demo-family",
            "id": "adk-mcp-demo-family",
            "inference_accelerator": [],
            "ipc_mode": "",
            "memory": "1024",
            "network_mode": "awsvpc",
            "pid_mode": "",
            "placement_constraints": [],
            "proxy_configuration": [],
            "requires_compatibilities": [
              "FARGATE"
            ],
            "revision": 1,
            "runtime_platform": [],
            "skip_destroy": false,
            "tags": {},
            "tags_all": {},
            "task_role_arn": "",
            "track_latest": false,
            "volume": []
          },
          "sensitive_attributes": [],
          "private": "eyJzY2hlbWFfdmVyc2lvbiI6IjEifQ==",
          "dependencies": [
            "aws_cloudwatch_log_group.ecs",
            "aws_ecr_repository.adk_repo",
            "aws_iam_role.ecs_task_execution_role",
            "aws_secretsmanager_secret.adk_envs"
          ]
        }
      ]
    },
    {
      "mode": "managed",
      "type": "aws_iam_role",
      "name": "ecs_task_execution_role",
      "provider": "provider[\"registry.terraform.io/hashicorp/aws\"]",
      "instances": [
        {
          "schema_version": 0,
          "attributes": {
            "arn": "arn:aws:iam::046621545380:role/ecsTaskExecutionRole-adk-mcp-demo",
            "assume_role_policy": "{\"Statement\":[{\"Action\":\"sts:AssumeRole\",\"Effect\":\"Allow\",\"Principal\":{\"Service\":\"ecs-tasks.amazonaws.com\"}}],\"Version\":\"2012-10-17\"}",
            "create_date": "2025-11-05T06:55:58Z",
            "description": "",
            "force_detach_policies": false,
            "id": "ecsTaskExecutionRole-adk-mcp-demo",
            "inline_policy": [
              {
                "name": "ecsSecretsAccessPolicy-adk-mcp-demo",
                "policy": "{\"Version\":\"2012-10-17\",\"Statement\":[{\"Action\":[\"secretsmanager:GetSecretValue\"],\"Effect\":\"Allow\",\"Resource\":\"arn:aws:secretsmanager:us-west-2:046621545380:secret:adk-mcp-demo-sm-Usptyn\"}]}"
              }
            ],
            "managed_policy_arns": [
              "arn:aws:iam::aws:policy/service-role/AmazonECSTaskExecutionRolePolicy"
            ],
            "max_session_duration": 3600,
            "name": "ecsTaskExecutionRole-adk-mcp-demo",
            "name_prefix": "",
            "path": "/",
            "permissions_boundary": "",
            "tags": {},
            "tags_all": {},
            "unique_id": "AROAQVWW4KOSA5QJY76FW"
          },
          "sensitive_attributes": [],
          "private": "bnVsbA=="
        }
      ]
    },
    {
      "mode": "managed",
      "type": "aws_iam_role_policy",
      "name": "ecs_secrets_policy",
      "provider": "provider[\"registry.terraform.io/hashicorp/aws\"]",
      "instances": [
        {
          "schema_version": 0,
          "attributes": {
            "id": "ecsTaskExecutionRole-adk-mcp-demo:ecsSecretsAccessPolicy-adk-mcp-demo",
            "name": "ecsSecretsAccessPolicy-adk-mcp-demo",
            "name_prefix": "",
            "policy": "{\"Version\":\"2012-10-17\",\"Statement\":[{\"Action\":[\"secretsmanager:GetSecretValue\"],\"Effect\":\"Allow\",\"Resource\":\"arn:aws:secretsmanager:us-west-2:046621545380:secret:adk-mcp-demo-sm-Usptyn\"}]}",
            "role": "ecsTaskExecutionRole-adk-mcp-demo"
          },
          "sensitive_attributes": [],
          "private": "bnVsbA==",
          "dependencies": [
            "aws_iam_role.ecs_task_execution_role",
            "aws_secretsmanager_secret.adk_envs"
          ]
        }
      ]
    },
    {
      "mode": "managed",
      "type": "aws_iam_role_policy_attachment",
      "name": "ecs_execution_role_policy",
      "provider": "provider[\"registry.terraform.io/hashicorp/aws\"]",
      "instances": [
        {
          "schema_version": 0,
          "attributes": {
            "id": "ecsTaskExecutionRole-adk-mcp-demo-20251105065559939400000003",
            "policy_arn": "arn:aws:iam::aws:policy/service-role/AmazonECSTaskExecutionRolePolicy",
            "role": "ecsTaskExecutionRole-adk-mcp-demo"
          },
          "sensitive_attributes": [],
          "private": "bnVsbA==",
          "dependencies": [
            "aws_iam_role.ecs_task_execution_role"
          ]
        }
      ]
    },
    {
      "mode": "managed",
      "type": "aws_secretsmanager_secret",
      "name": "adk_envs",
      "provider": "provider[\"registry.terraform.io/hashicorp/aws\"]",
      "instances": [
        {
          "schema_version": 0,
          "attributes": {
            "arn": "arn:aws:secretsmanager:us-west-2:046621545380:secret:adk-mcp-demo-sm-Usptyn",
            "description": "",
            "force_overwrite_replica_secret": false,
            "id": "arn:aws:secretsmanager:us-west-2:046621545380:secret:adk-mcp-demo-sm-Usptyn",
            "kms_key_id": "",
            "name": "adk-mcp-demo-sm",
            "name_prefix": "",
            "policy": "",
            "recovery_window_in_days": 30,
            "replica": [],
            "tags": {},
            "tags_all": {}
          },
          "sensitive_attributes": [],
          "private": "bnVsbA=="
        }
      ]
    },
    {
      "mode": "managed",
      "type": "aws_secretsmanager_secret_version",
      "name": "adk_envs_value",
      "provider": "provider[\"registry.terraform.io/hashicorp/aws\"]",
      "instances": [
        {
          "schema_version": 0,
          "attributes": {
            "arn": "arn:aws:secretsmanager:us-west-2:046621545380:secret:adk-mcp-demo-sm-Usptyn",
            "has_secret_string_wo": null,
            "id": "arn:aws:secretsmanager:us-west-2:046621545380:secret:adk-mcp-demo-sm-Usptyn|terraform-20251105065559285200000002",
            "secret_binary": "",
            "secret_id": "arn:aws:secretsmanager:us-west-2:046621545380:secret:adk-mcp-demo-sm-Usptyn",
            "secret_string": "{\"ADK_MCP_REQUEST_TIMEOUT\":\"60\",\"AWS_ENVIRONMENT\":\"dev\",\"AWS_REGION\":\"us-west-2\",\"GOOGLE_API_KEY\":\"abc123\"}",
            "secret_string_wo": null,
            "secret_string_wo_version": null,
            "version_id": "terraform-20251105065559285200000002",
            "version_stages": [
              "AWSPREVIOUS"
            ]
          },
          "sensitive_attributes": [],
          "private": "bnVsbA==",
          "dependencies": [
            "aws_secretsmanager_secret.adk_envs"
          ]
        }
      ]
    },
    {
      "mode": "managed",
      "type": "aws_security_group",
      "name": "adk_sg",
      "provider": "provider[\"registry.terraform.io/hashicorp/aws\"]",
      "instances": [
        {
          "schema_version": 1,
          "attributes": {
            "arn": "arn:aws:ec2:us-west-2:046621545380:security-group/sg-0b8b9246a2b5889d1",
            "description": "Security group for ECS service",
            "egress": [
              {
                "cidr_blocks": [
                  "0.0.0.0/0"
                ],
                "description": "",
                "from_port": 0,
                "ipv6_cidr_blocks": [
                  "::/0"
                ],
                "prefix_list_ids": [],
                "protocol": "-1",
                "security_groups": [],
                "self": false,
                "to_port": 0
              }
            ],
            "id": "sg-0b8b9246a2b5889d1",
            "ingress": [],
            "name": "adk-mcp-demo-sg",
            "name_prefix": "",
            "owner_id": "046621545380",
            "revoke_rules_on_delete": false,
            "tags": {},
            "tags_all": {},
            "timeouts": null,
            "vpc_id": "vpc-00f4005d09cee9f00"
          },
          "sensitive_attributes": [],
          "private": "eyJlMmJmYjczMC1lY2FhLTExZTYtOGY4OC0zNDM2M2JjN2M0YzAiOnsiY3JlYXRlIjo2MDAwMDAwMDAwMDAsImRlbGV0ZSI6OTAwMDAwMDAwMDAwfSwic2NoZW1hX3ZlcnNpb24iOiIxIn0="
        }
      ]
    }
  ],
  "check_results": null
}
